
Microsoft Visual Studio Solution File, Format Version 12.00
# Visual Studio Version 17
VisualStudioVersion = 17.0.31903.59
MinimumVisualStudioVersion = 10.0.40219.1
Project("{FAE04EC0-301F-11D3-BF4B-00C04F79EFBC}") = "StringLibrary", "StringLibrary\StringLibrary.csproj", "{43225669-2877-4BEF-ADB7-0C01114DCE86}"
EndProject
Project("{FAE04EC0-301F-11D3-BF4B-00C04F79EFBC}") = "ShowCase", "ShowCase\ShowCase.csproj", "{61212C93-599A-44F1-898D-4C75015E6C28}"
EndProject
Project("{FAE04EC0-301F-11D3-BF4B-00C04F79EFBC}") = "StringLibraryTest", "StringLibraryTest\StringLibraryTest.csproj", "{4BA67B70-3E60-4450-9F4D-9CF8AA07E807}"
EndProject
Global
	GlobalSection(SolutionConfigurationPlatforms) = preSolution
		Debug|Any CPU = Debug|Any CPU
		Release|Any CPU = Release|Any CPU
	EndGlobalSection
	GlobalSection(SolutionProperties) = preSolution
		HideSolutionNode = FALSE
	EndGlobalSection
	GlobalSection(ProjectConfigurationPlatforms) = postSolution
		{43225669-2877-4BEF-ADB7-0C01114DCE86}.Debug|Any CPU.ActiveCfg = Debug|Any CPU
		{43225669-2877-4BEF-ADB7-0C01114DCE86}.Debug|Any CPU.Build.0 = Debug|Any CPU
		{43225669-2877-4BEF-ADB7-0C01114DCE86}.Release|Any CPU.ActiveCfg = Release|Any CPU
		{43225669-2877-4BEF-ADB7-0C01114DCE86}.Release|Any CPU.Build.0 = Release|Any CPU
		{61212C93-599A-44F1-898D-4C75015E6C28}.Debug|Any CPU.ActiveCfg = Debug|Any CPU
		{61212C93-599A-44F1-898D-4C75015E6C28}.Debug|Any CPU.Build.0 = Debug|Any CPU
		{61212C93-599A-44F1-898D-4C75015E6C28}.Release|Any CPU.ActiveCfg = Release|Any CPU
		{61212C93-599A-44F1-898D-4C75015E6C28}.Release|Any CPU.Build.0 = Release|Any CPU
		{4BA67B70-3E60-4450-9F4D-9CF8AA07E807}.Debug|Any CPU.ActiveCfg = Debug|Any CPU
		{4BA67B70-3E60-4450-9F4D-9CF8AA07E807}.Debug|Any CPU.Build.0 = Debug|Any CPU
		{4BA67B70-3E60-4450-9F4D-9CF8AA07E807}.Release|Any CPU.ActiveCfg = Release|Any CPU
		{4BA67B70-3E60-4450-9F4D-9CF8AA07E807}.Release|Any CPU.Build.0 = Release|Any CPU
	EndGlobalSection
EndGlobal
